
Microsoft Visual Studio Solution File, Format Version 12.00
# Visual Studio Version 16
VisualStudioVersion = 16.0.30621.155
MinimumVisualStudioVersion = 10.0.40219.1
Project("{FAE04EC0-301F-11D3-BF4B-00C04F79EFBC}") = "InheritAssignment", "InheritAssignment\InheritAssignment.csproj", "{EAEF8FB0-1B21-47C3-843B-8384ADEA637F}"
EndProject
Global
	GlobalSection(SolutionConfigurationPlatforms) = preSolution
		Debug|Any CPU = Debug|Any CPU
		Release|Any CPU = Release|Any CPU
	EndGlobalSection
	GlobalSection(ProjectConfigurationPlatforms) = postSolution
		{EAEF8FB0-1B21-47C3-843B-8384ADEA637F}.Debug|Any CPU.ActiveCfg = Debug|Any CPU
		{EAEF8FB0-1B21-47C3-843B-8384ADEA637F}.Debug|Any CPU.Build.0 = Debug|Any CPU
		{EAEF8FB0-1B21-47C3-843B-8384ADEA637F}.Release|Any CPU.ActiveCfg = Release|Any CPU
		{EAEF8FB0-1B21-47C3-843B-8384ADEA637F}.Release|Any CPU.Build.0 = Release|Any CPU
	EndGlobalSection
	GlobalSection(SolutionProperties) = preSolution
		HideSolutionNode = FALSE
	EndGlobalSection
	GlobalSection(ExtensibilityGlobals) = postSolution
		SolutionGuid = {8954A519-C179-48E8-AB39-B29E1E9D69B7}
	EndGlobalSection
EndGlobal
