
Microsoft Visual Studio Solution File, Format Version 12.00
# Visual Studio Version 16
VisualStudioVersion = 16.0.30621.155
MinimumVisualStudioVersion = 10.0.40219.1
Project("{FAE04EC0-301F-11D3-BF4B-00C04F79EFBC}") = "MvcTutorial", "MvcTutorial\MvcTutorial.csproj", "{4E4F4F4C-5315-4857-A88E-59B84CA4B66D}"
EndProject
Global
	GlobalSection(SolutionConfigurationPlatforms) = preSolution
		Debug|Any CPU = Debug|Any CPU
		Release|Any CPU = Release|Any CPU
	EndGlobalSection
	GlobalSection(ProjectConfigurationPlatforms) = postSolution
		{4E4F4F4C-5315-4857-A88E-59B84CA4B66D}.Debug|Any CPU.ActiveCfg = Debug|Any CPU
		{4E4F4F4C-5315-4857-A88E-59B84CA4B66D}.Debug|Any CPU.Build.0 = Debug|Any CPU
		{4E4F4F4C-5315-4857-A88E-59B84CA4B66D}.Release|Any CPU.ActiveCfg = Release|Any CPU
		{4E4F4F4C-5315-4857-A88E-59B84CA4B66D}.Release|Any CPU.Build.0 = Release|Any CPU
	EndGlobalSection
	GlobalSection(SolutionProperties) = preSolution
		HideSolutionNode = FALSE
	EndGlobalSection
	GlobalSection(ExtensibilityGlobals) = postSolution
		SolutionGuid = {A337D131-2528-4693-B695-EF10B6BAEC19}
	EndGlobalSection
EndGlobal
