
Microsoft Visual Studio Solution File, Format Version 12.00
# Visual Studio Version 16
VisualStudioVersion = 16.0.30621.155
MinimumVisualStudioVersion = 10.0.40219.1
Project("{FAE04EC0-301F-11D3-BF4B-00C04F79EFBC}") = "WebApplication4", "WebApplication4\WebApplication4.csproj", "{F0273378-3D08-495D-B4E1-BDBB94175CC8}"
EndProject
Global
	GlobalSection(SolutionConfigurationPlatforms) = preSolution
		Debug|Any CPU = Debug|Any CPU
		Release|Any CPU = Release|Any CPU
	EndGlobalSection
	GlobalSection(ProjectConfigurationPlatforms) = postSolution
		{F0273378-3D08-495D-B4E1-BDBB94175CC8}.Debug|Any CPU.ActiveCfg = Debug|Any CPU
		{F0273378-3D08-495D-B4E1-BDBB94175CC8}.Debug|Any CPU.Build.0 = Debug|Any CPU
		{F0273378-3D08-495D-B4E1-BDBB94175CC8}.Release|Any CPU.ActiveCfg = Release|Any CPU
		{F0273378-3D08-495D-B4E1-BDBB94175CC8}.Release|Any CPU.Build.0 = Release|Any CPU
	EndGlobalSection
	GlobalSection(SolutionProperties) = preSolution
		HideSolutionNode = FALSE
	EndGlobalSection
	GlobalSection(ExtensibilityGlobals) = postSolution
		SolutionGuid = {B3C4D0BE-1F04-45DD-95AA-B04EB472BB9E}
	EndGlobalSection
EndGlobal
