
Microsoft Visual Studio Solution File, Format Version 12.00
# Visual Studio Version 16
VisualStudioVersion = 16.0.30621.155
MinimumVisualStudioVersion = 10.0.40219.1
Project("{FAE04EC0-301F-11D3-BF4B-00C04F79EFBC}") = "DateTimeAssignemnt", "DateTimeAssignemnt\DateTimeAssignemnt.csproj", "{61B3A12A-DC72-4041-89FB-D5F2566AA7E9}"
EndProject
Global
	GlobalSection(SolutionConfigurationPlatforms) = preSolution
		Debug|Any CPU = Debug|Any CPU
		Release|Any CPU = Release|Any CPU
	EndGlobalSection
	GlobalSection(ProjectConfigurationPlatforms) = postSolution
		{61B3A12A-DC72-4041-89FB-D5F2566AA7E9}.Debug|Any CPU.ActiveCfg = Debug|Any CPU
		{61B3A12A-DC72-4041-89FB-D5F2566AA7E9}.Debug|Any CPU.Build.0 = Debug|Any CPU
		{61B3A12A-DC72-4041-89FB-D5F2566AA7E9}.Release|Any CPU.ActiveCfg = Release|Any CPU
		{61B3A12A-DC72-4041-89FB-D5F2566AA7E9}.Release|Any CPU.Build.0 = Release|Any CPU
	EndGlobalSection
	GlobalSection(SolutionProperties) = preSolution
		HideSolutionNode = FALSE
	EndGlobalSection
	GlobalSection(ExtensibilityGlobals) = postSolution
		SolutionGuid = {713D3F40-0C5D-4397-9A13-9EC05DE3E51E}
	EndGlobalSection
EndGlobal
