
Microsoft Visual Studio Solution File, Format Version 12.00
# Visual Studio Version 16
VisualStudioVersion = 16.0.30621.155
MinimumVisualStudioVersion = 10.0.40219.1
Project("{FAE04EC0-301F-11D3-BF4B-00C04F79EFBC}") = "WebApplication3", "WebApplication3\WebApplication3.csproj", "{503ECE0A-9B1E-4D7D-AC40-1D5F9A41FFF9}"
EndProject
Global
	GlobalSection(SolutionConfigurationPlatforms) = preSolution
		Debug|Any CPU = Debug|Any CPU
		Release|Any CPU = Release|Any CPU
	EndGlobalSection
	GlobalSection(ProjectConfigurationPlatforms) = postSolution
		{503ECE0A-9B1E-4D7D-AC40-1D5F9A41FFF9}.Debug|Any CPU.ActiveCfg = Debug|Any CPU
		{503ECE0A-9B1E-4D7D-AC40-1D5F9A41FFF9}.Debug|Any CPU.Build.0 = Debug|Any CPU
		{503ECE0A-9B1E-4D7D-AC40-1D5F9A41FFF9}.Release|Any CPU.ActiveCfg = Release|Any CPU
		{503ECE0A-9B1E-4D7D-AC40-1D5F9A41FFF9}.Release|Any CPU.Build.0 = Release|Any CPU
	EndGlobalSection
	GlobalSection(SolutionProperties) = preSolution
		HideSolutionNode = FALSE
	EndGlobalSection
	GlobalSection(ExtensibilityGlobals) = postSolution
		SolutionGuid = {24C4C766-6D24-4B7A-B9B7-F4614B3A266B}
	EndGlobalSection
EndGlobal
