
Microsoft Visual Studio Solution File, Format Version 12.00
# Visual Studio Version 16
VisualStudioVersion = 16.0.30621.155
MinimumVisualStudioVersion = 10.0.40219.1
Project("{FAE04EC0-301F-11D3-BF4B-00C04F79EFBC}") = "MathAndComp", "MathAndComp\MathAndComp.csproj", "{EC21BC65-D51E-4193-AF05-1750A7458DEB}"
EndProject
Global
	GlobalSection(SolutionConfigurationPlatforms) = preSolution
		Debug|Any CPU = Debug|Any CPU
		Release|Any CPU = Release|Any CPU
	EndGlobalSection
	GlobalSection(ProjectConfigurationPlatforms) = postSolution
		{EC21BC65-D51E-4193-AF05-1750A7458DEB}.Debug|Any CPU.ActiveCfg = Debug|Any CPU
		{EC21BC65-D51E-4193-AF05-1750A7458DEB}.Debug|Any CPU.Build.0 = Debug|Any CPU
		{EC21BC65-D51E-4193-AF05-1750A7458DEB}.Release|Any CPU.ActiveCfg = Release|Any CPU
		{EC21BC65-D51E-4193-AF05-1750A7458DEB}.Release|Any CPU.Build.0 = Release|Any CPU
	EndGlobalSection
	GlobalSection(SolutionProperties) = preSolution
		HideSolutionNode = FALSE
	EndGlobalSection
	GlobalSection(ExtensibilityGlobals) = postSolution
		SolutionGuid = {4A685560-3108-4F43-A776-7657182BF161}
	EndGlobalSection
EndGlobal
