
Microsoft Visual Studio Solution File, Format Version 12.00
# Visual Studio Version 16
VisualStudioVersion = 16.0.30621.155
MinimumVisualStudioVersion = 10.0.40219.1
Project("{FAE04EC0-301F-11D3-BF4B-00C04F79EFBC}") = "testWork", "testWork\testWork.csproj", "{0E39F1D2-3A93-4A7B-BEC0-3A1379C0ACD6}"
EndProject
Global
	GlobalSection(SolutionConfigurationPlatforms) = preSolution
		Debug|Any CPU = Debug|Any CPU
		Release|Any CPU = Release|Any CPU
	EndGlobalSection
	GlobalSection(ProjectConfigurationPlatforms) = postSolution
		{0E39F1D2-3A93-4A7B-BEC0-3A1379C0ACD6}.Debug|Any CPU.ActiveCfg = Debug|Any CPU
		{0E39F1D2-3A93-4A7B-BEC0-3A1379C0ACD6}.Debug|Any CPU.Build.0 = Debug|Any CPU
		{0E39F1D2-3A93-4A7B-BEC0-3A1379C0ACD6}.Release|Any CPU.ActiveCfg = Release|Any CPU
		{0E39F1D2-3A93-4A7B-BEC0-3A1379C0ACD6}.Release|Any CPU.Build.0 = Release|Any CPU
	EndGlobalSection
	GlobalSection(SolutionProperties) = preSolution
		HideSolutionNode = FALSE
	EndGlobalSection
	GlobalSection(ExtensibilityGlobals) = postSolution
		SolutionGuid = {14EE807E-3502-4B8F-96ED-E9C090ECC4F6}
	EndGlobalSection
EndGlobal
