
Microsoft Visual Studio Solution File, Format Version 12.00
# Visual Studio Version 16
VisualStudioVersion = 16.0.30621.155
MinimumVisualStudioVersion = 10.0.40219.1
Project("{FAE04EC0-301F-11D3-BF4B-00C04F79EFBC}") = "TechAcadStudentsMVC", "TechAcadStudentsMVC\TechAcadStudentsMVC.csproj", "{51C471EE-3BE0-48AE-BA21-B557EEB1471D}"
EndProject
Global
	GlobalSection(SolutionConfigurationPlatforms) = preSolution
		Debug|Any CPU = Debug|Any CPU
		Release|Any CPU = Release|Any CPU
	EndGlobalSection
	GlobalSection(ProjectConfigurationPlatforms) = postSolution
		{51C471EE-3BE0-48AE-BA21-B557EEB1471D}.Debug|Any CPU.ActiveCfg = Debug|Any CPU
		{51C471EE-3BE0-48AE-BA21-B557EEB1471D}.Debug|Any CPU.Build.0 = Debug|Any CPU
		{51C471EE-3BE0-48AE-BA21-B557EEB1471D}.Release|Any CPU.ActiveCfg = Release|Any CPU
		{51C471EE-3BE0-48AE-BA21-B557EEB1471D}.Release|Any CPU.Build.0 = Release|Any CPU
	EndGlobalSection
	GlobalSection(SolutionProperties) = preSolution
		HideSolutionNode = FALSE
	EndGlobalSection
	GlobalSection(ExtensibilityGlobals) = postSolution
		SolutionGuid = {160ECC47-A5B9-4BBD-8D38-F88E7491FBA4}
	EndGlobalSection
EndGlobal
