
Microsoft Visual Studio Solution File, Format Version 12.00
# Visual Studio Version 16
VisualStudioVersion = 16.0.30621.155
MinimumVisualStudioVersion = 10.0.40219.1
Project("{FAE04EC0-301F-11D3-BF4B-00C04F79EFBC}") = "StringAssignment", "StringAssignment\StringAssignment.csproj", "{814D72FE-6B75-48A8-A26B-1F2C354C9286}"
EndProject
Global
	GlobalSection(SolutionConfigurationPlatforms) = preSolution
		Debug|Any CPU = Debug|Any CPU
		Release|Any CPU = Release|Any CPU
	EndGlobalSection
	GlobalSection(ProjectConfigurationPlatforms) = postSolution
		{814D72FE-6B75-48A8-A26B-1F2C354C9286}.Debug|Any CPU.ActiveCfg = Debug|Any CPU
		{814D72FE-6B75-48A8-A26B-1F2C354C9286}.Debug|Any CPU.Build.0 = Debug|Any CPU
		{814D72FE-6B75-48A8-A26B-1F2C354C9286}.Release|Any CPU.ActiveCfg = Release|Any CPU
		{814D72FE-6B75-48A8-A26B-1F2C354C9286}.Release|Any CPU.Build.0 = Release|Any CPU
	EndGlobalSection
	GlobalSection(SolutionProperties) = preSolution
		HideSolutionNode = FALSE
	EndGlobalSection
	GlobalSection(ExtensibilityGlobals) = postSolution
		SolutionGuid = {A4EAAEC4-6572-4BD4-8AEB-D3DC73690506}
	EndGlobalSection
EndGlobal
